Microsoft Visual Studio Solution File, Format Version 12.00
# Visual Studio Version 17
VisualStudioVersion = 17.5.2.0
MinimumVisualStudioVersion = 10.0.40219.1
Project("{FAE04EC0-301F-11D3-BF4B-00C04F79EFBC}") = "devroutine", "devroutine.csproj", "{ED5D5F50-CA01-5A0B-1683-88B0BC09344C}"
EndProject
Global
	GlobalSection(SolutionConfigurationPlatforms) = preSolution
		Debug|Any CPU = Debug|Any CPU
		Release|Any CPU = Release|Any CPU
	EndGlobalSection
	GlobalSection(ProjectConfigurationPlatforms) = postSolution
		{ED5D5F50-CA01-5A0B-1683-88B0BC09344C}.Debug|Any CPU.ActiveCfg = Debug|Any CPU
		{ED5D5F50-CA01-5A0B-1683-88B0BC09344C}.Debug|Any CPU.Build.0 = Debug|Any CPU
		{ED5D5F50-CA01-5A0B-1683-88B0BC09344C}.Release|Any CPU.ActiveCfg = Release|Any CPU
		{ED5D5F50-CA01-5A0B-1683-88B0BC09344C}.Release|Any CPU.Build.0 = Release|Any CPU
	EndGlobalSection
	GlobalSection(SolutionProperties) = preSolution
		HideSolutionNode = FALSE
	EndGlobalSection
	GlobalSection(ExtensibilityGlobals) = postSolution
		SolutionGuid = {6F912950-BA2D-4900-910C-0B7E30598246}
	EndGlobalSection
EndGlobal
